
Microsoft Visual Studio Solution File, Format Version 12.00
# Visual Studio Version 17
VisualStudioVersion = 17.14.36310.24 d17.14
MinimumVisualStudioVersion = 10.0.40219.1
Project("{FAE04EC0-301F-11D3-BF4B-00C04F79EFBC}") = "testandoShowhide", "testandoShowhide\testandoShowhide.csproj", "{8C32FF27-9103-436D-BE3B-DF1B85E05BCC}"
EndProject
Global
	GlobalSection(SolutionConfigurationPlatforms) = preSolution
		Debug|Any CPU = Debug|Any CPU
		Release|Any CPU = Release|Any CPU
	EndGlobalSection
	GlobalSection(ProjectConfigurationPlatforms) = postSolution
		{8C32FF27-9103-436D-BE3B-DF1B85E05BCC}.Debug|Any CPU.ActiveCfg = Debug|Any CPU
		{8C32FF27-9103-436D-BE3B-DF1B85E05BCC}.Debug|Any CPU.Build.0 = Debug|Any CPU
		{8C32FF27-9103-436D-BE3B-DF1B85E05BCC}.Release|Any CPU.ActiveCfg = Release|Any CPU
		{8C32FF27-9103-436D-BE3B-DF1B85E05BCC}.Release|Any CPU.Build.0 = Release|Any CPU
	EndGlobalSection
	GlobalSection(SolutionProperties) = preSolution
		HideSolutionNode = FALSE
	EndGlobalSection
	GlobalSection(ExtensibilityGlobals) = postSolution
		SolutionGuid = {757721DE-512B-4DBB-AB9B-F0F08B3AF2DD}
	EndGlobalSection
EndGlobal
