
Microsoft Visual Studio Solution File, Format Version 12.00
# Visual Studio Version 17
VisualStudioVersion = 17.14.36310.24 d17.14
MinimumVisualStudioVersion = 10.0.40219.1
Project("{FAE04EC0-301F-11D3-BF4B-00C04F79EFBC}") = "WindowsFormsApp5", "WindowsFormsApp5\WindowsFormsApp5.csproj", "{B0937953-C2CA-46E0-A1DA-86679B096776}"
EndProject
Global
	GlobalSection(SolutionConfigurationPlatforms) = preSolution
		Debug|Any CPU = Debug|Any CPU
		Release|Any CPU = Release|Any CPU
	EndGlobalSection
	GlobalSection(ProjectConfigurationPlatforms) = postSolution
		{B0937953-C2CA-46E0-A1DA-86679B096776}.Debug|Any CPU.ActiveCfg = Debug|Any CPU
		{B0937953-C2CA-46E0-A1DA-86679B096776}.Debug|Any CPU.Build.0 = Debug|Any CPU
		{B0937953-C2CA-46E0-A1DA-86679B096776}.Release|Any CPU.ActiveCfg = Release|Any CPU
		{B0937953-C2CA-46E0-A1DA-86679B096776}.Release|Any CPU.Build.0 = Release|Any CPU
	EndGlobalSection
	GlobalSection(SolutionProperties) = preSolution
		HideSolutionNode = FALSE
	EndGlobalSection
	GlobalSection(ExtensibilityGlobals) = postSolution
		SolutionGuid = {0194B9FC-6191-4821-B979-75F662B9C2E7}
	EndGlobalSection
EndGlobal
