
Microsoft Visual Studio Solution File, Format Version 12.00
# Visual Studio Version 17
VisualStudioVersion = 17.14.36310.24 d17.14
MinimumVisualStudioVersion = 10.0.40219.1
Project("{FAE04EC0-301F-11D3-BF4B-00C04F79EFBC}") = "CalculadoraSimples", "WindowsFormsApp4\CalculadoraSimples.csproj", "{B9F289A3-B1E7-46AA-B42B-F377584B4404}"
EndProject
Global
	GlobalSection(SolutionConfigurationPlatforms) = preSolution
		Debug|Any CPU = Debug|Any CPU
		Release|Any CPU = Release|Any CPU
	EndGlobalSection
	GlobalSection(ProjectConfigurationPlatforms) = postSolution
		{B9F289A3-B1E7-46AA-B42B-F377584B4404}.Debug|Any CPU.ActiveCfg = Debug|Any CPU
		{B9F289A3-B1E7-46AA-B42B-F377584B4404}.Debug|Any CPU.Build.0 = Debug|Any CPU
		{B9F289A3-B1E7-46AA-B42B-F377584B4404}.Release|Any CPU.ActiveCfg = Release|Any CPU
		{B9F289A3-B1E7-46AA-B42B-F377584B4404}.Release|Any CPU.Build.0 = Release|Any CPU
	EndGlobalSection
	GlobalSection(SolutionProperties) = preSolution
		HideSolutionNode = FALSE
	EndGlobalSection
	GlobalSection(ExtensibilityGlobals) = postSolution
		SolutionGuid = {678FA82A-3CCB-4CEA-9788-3ABED6187A99}
	EndGlobalSection
EndGlobal
