
Microsoft Visual Studio Solution File, Format Version 12.00
# Visual Studio Version 17
VisualStudioVersion = 17.14.36310.24 d17.14
MinimumVisualStudioVersion = 10.0.40219.1
Project("{FAE04EC0-301F-11D3-BF4B-00C04F79EFBC}") = "jogodenumeros", "jogodenumeros\jogodenumeros.csproj", "{87CF6B17-1DDD-443F-9722-E9D5566081DC}"
EndProject
Global
	GlobalSection(SolutionConfigurationPlatforms) = preSolution
		Debug|Any CPU = Debug|Any CPU
		Release|Any CPU = Release|Any CPU
	EndGlobalSection
	GlobalSection(ProjectConfigurationPlatforms) = postSolution
		{87CF6B17-1DDD-443F-9722-E9D5566081DC}.Debug|Any CPU.ActiveCfg = Debug|Any CPU
		{87CF6B17-1DDD-443F-9722-E9D5566081DC}.Debug|Any CPU.Build.0 = Debug|Any CPU
		{87CF6B17-1DDD-443F-9722-E9D5566081DC}.Release|Any CPU.ActiveCfg = Release|Any CPU
		{87CF6B17-1DDD-443F-9722-E9D5566081DC}.Release|Any CPU.Build.0 = Release|Any CPU
	EndGlobalSection
	GlobalSection(SolutionProperties) = preSolution
		HideSolutionNode = FALSE
	EndGlobalSection
	GlobalSection(ExtensibilityGlobals) = postSolution
		SolutionGuid = {FCB7906E-731E-489E-9FE0-4391BD2E62A1}
	EndGlobalSection
EndGlobal
