
Microsoft Visual Studio Solution File, Format Version 12.00
# Visual Studio Version 17
VisualStudioVersion = 17.14.36310.24 d17.14
MinimumVisualStudioVersion = 10.0.40219.1
Project("{FAE04EC0-301F-11D3-BF4B-00C04F79EFBC}") = "CalculadoraAtividade", "CalculadoraAtividade\CalculadoraAtividade.csproj", "{6F6201C0-6282-4D9D-9341-9F7ED2A0CC9C}"
EndProject
Global
	GlobalSection(SolutionConfigurationPlatforms) = preSolution
		Debug|Any CPU = Debug|Any CPU
		Release|Any CPU = Release|Any CPU
	EndGlobalSection
	GlobalSection(ProjectConfigurationPlatforms) = postSolution
		{6F6201C0-6282-4D9D-9341-9F7ED2A0CC9C}.Debug|Any CPU.ActiveCfg = Debug|Any CPU
		{6F6201C0-6282-4D9D-9341-9F7ED2A0CC9C}.Debug|Any CPU.Build.0 = Debug|Any CPU
		{6F6201C0-6282-4D9D-9341-9F7ED2A0CC9C}.Release|Any CPU.ActiveCfg = Release|Any CPU
		{6F6201C0-6282-4D9D-9341-9F7ED2A0CC9C}.Release|Any CPU.Build.0 = Release|Any CPU
	EndGlobalSection
	GlobalSection(SolutionProperties) = preSolution
		HideSolutionNode = FALSE
	EndGlobalSection
	GlobalSection(ExtensibilityGlobals) = postSolution
		SolutionGuid = {EDBBACE6-1734-4DDC-8B5F-48C085BE3A0E}
	EndGlobalSection
EndGlobal
