
Microsoft Visual Studio Solution File, Format Version 12.00
# Visual Studio Version 17
VisualStudioVersion = 17.14.36310.24 d17.14
MinimumVisualStudioVersion = 10.0.40219.1
Project("{FAE04EC0-301F-11D3-BF4B-00C04F79EFBC}") = "dadosnecessarios", "dadosnecessarios\dadosnecessarios.csproj", "{C55DD64E-8C26-4EF9-9CAE-2C277EF481A0}"
EndProject
Global
	GlobalSection(SolutionConfigurationPlatforms) = preSolution
		Debug|Any CPU = Debug|Any CPU
		Release|Any CPU = Release|Any CPU
	EndGlobalSection
	GlobalSection(ProjectConfigurationPlatforms) = postSolution
		{C55DD64E-8C26-4EF9-9CAE-2C277EF481A0}.Debug|Any CPU.ActiveCfg = Debug|Any CPU
		{C55DD64E-8C26-4EF9-9CAE-2C277EF481A0}.Debug|Any CPU.Build.0 = Debug|Any CPU
		{C55DD64E-8C26-4EF9-9CAE-2C277EF481A0}.Release|Any CPU.ActiveCfg = Release|Any CPU
		{C55DD64E-8C26-4EF9-9CAE-2C277EF481A0}.Release|Any CPU.Build.0 = Release|Any CPU
	EndGlobalSection
	GlobalSection(SolutionProperties) = preSolution
		HideSolutionNode = FALSE
	EndGlobalSection
	GlobalSection(ExtensibilityGlobals) = postSolution
		SolutionGuid = {F2F23531-A802-4AAE-A380-24A3D7A8CA26}
	EndGlobalSection
EndGlobal
